
Microsoft Visual Studio Solution File, Format Version 12.00
# Visual Studio Version 17
VisualStudioVersion = 17.6.33712.159
MinimumVisualStudioVersion = 10.0.40219.1
Project("{FAE04EC0-301F-11D3-BF4B-00C04F79EFBC}") = "AlunosApi", "AlunosApi\AlunosApi.csproj", "{A567CFA8-08DD-460E-A58B-40A294D705D8}"
EndProject
Global
	GlobalSection(SolutionConfigurationPlatforms) = preSolution
		Debug|Any CPU = Debug|Any CPU
		Release|Any CPU = Release|Any CPU
	EndGlobalSection
	GlobalSection(ProjectConfigurationPlatforms) = postSolution
		{A567CFA8-08DD-460E-A58B-40A294D705D8}.Debug|Any CPU.ActiveCfg = Debug|Any CPU
		{A567CFA8-08DD-460E-A58B-40A294D705D8}.Debug|Any CPU.Build.0 = Debug|Any CPU
		{A567CFA8-08DD-460E-A58B-40A294D705D8}.Release|Any CPU.ActiveCfg = Release|Any CPU
		{A567CFA8-08DD-460E-A58B-40A294D705D8}.Release|Any CPU.Build.0 = Release|Any CPU
	EndGlobalSection
	GlobalSection(SolutionProperties) = preSolution
		HideSolutionNode = FALSE
	EndGlobalSection
	GlobalSection(ExtensibilityGlobals) = postSolution
		SolutionGuid = {A107A2DB-A23C-49DC-9FB2-14CB01A2D63D}
	EndGlobalSection
EndGlobal
